<?xml version="1.0" encoding="utf-8"?>
<Project ToolsVersion="4.0" xmlns="http://schemas.microsoft.com/developer/msbuild/2003">
  <ItemGroup>
    <Filter Include="Source Files">
      <UniqueIdentifier>{4FC737F1-C7A5-4376-A066-2A32D752A2FF}</UniqueIdentifier>
      <Extensions>cpp;c;cc;cxx;c++;cppm;ixx;def;odl;idl;hpj;bat;asm;asmx</Extensions>
    </Filter>
    <Filter Include="Header Files">
      <UniqueIdentifier>{93995380-89BD-4b04-88EB-625FBE52EBFB}</UniqueIdentifier>
      <Extensions>h;hh;hpp;hxx;h++;hm;inl;inc;ipp;xsd</Extensions>
    </Filter>
    <Filter Include="Resource Files">
      <UniqueIdentifier>{67DA6AB6-F800-4c08-8B7A-83BB121AAD01}</UniqueIdentifier>
      <Extensions>rc;ico;cur;bmp;dlg;rc2;rct;bin;rgs;gif;jpg;jpeg;jpe;resx;tiff;tif;png;wav;mfcribbon-ms</Extensions>
    </Filter>
  </ItemGroup>
  <ItemGroup>
    <ClCompile Include="..\main.cpp">
      <Filter>Source Files</Filter>
    </ClCompile>
    <ClCompile Include="day1\part1\day1_part1.cpp">
      <Filter>Source Files</Filter>
    </ClCompile>
    <ClCompile Include="day1\part1\day1_part1_test.cpp">
      <Filter>Source Files</Filter>
    </ClCompile>
    <ClCompile Include="day1\read_input_day1.cpp">
      <Filter>Source Files</Filter>
    </ClCompile>
    <ClCompile Include="day1\part2\day1_part2.cpp">
      <Filter>Source Files</Filter>
    </ClCompile>
    <ClCompile Include="day1\part2\day1_part2_test.cpp">
      <Filter>Source Files</Filter>
    </ClCompile>
    <ClCompile Include="day2\part1\day2_part1.cpp">
      <Filter>Source Files</Filter>
    </ClCompile>
    <ClCompile Include="day2\part1\day2_part1_test.cpp">
      <Filter>Source Files</Filter>
    </ClCompile>
    <ClCompile Include="day2\part2\day2_part2.cpp">
      <Filter>Source Files</Filter>
    </ClCompile>
    <ClCompile Include="day2\part2\day2_part2_test.cpp">
      <Filter>Source Files</Filter>
    </ClCompile>
    <ClCompile Include="day2\read_input_day2.cpp">
      <Filter>Source Files</Filter>
    </ClCompile>
    <ClCompile Include="day3\part1\day3_part1.cpp">
      <Filter>Source Files</Filter>
    </ClCompile>
    <ClCompile Include="day3\part1\day3_part1_test.cpp">
      <Filter>Source Files</Filter>
    </ClCompile>
    <ClCompile Include="day3\part2\day3_part2.cpp">
      <Filter>Source Files</Filter>
    </ClCompile>
    <ClCompile Include="day3\part2\day3_part2_test.cpp">
      <Filter>Source Files</Filter>
    </ClCompile>
    <ClCompile Include="day3\read_input_day3.cpp">
      <Filter>Source Files</Filter>
    </ClCompile>
    <ClCompile Include="day4\part1\day4_part1.cpp">
      <Filter>Source Files</Filter>
    </ClCompile>
    <ClCompile Include="day4\part1\day4_part1_test.cpp">
      <Filter>Source Files</Filter>
    </ClCompile>
    <ClCompile Include="day4\part2\day4_part2.cpp">
      <Filter>Source Files</Filter>
    </ClCompile>
    <ClCompile Include="day4\part2\day4_part2_test.cpp">
      <Filter>Source Files</Filter>
    </ClCompile>
    <ClCompile Include="day4\read_input_day4.cpp">
      <Filter>Source Files</Filter>
    </ClCompile>
    <ClCompile Include="day5\part1\day5_part1.cpp">
      <Filter>Source Files</Filter>
    </ClCompile>
    <ClCompile Include="day5\part1\day5_part1_test.cpp">
      <Filter>Source Files</Filter>
    </ClCompile>
    <ClCompile Include="day5\part2\day5_part2.cpp">
      <Filter>Source Files</Filter>
    </ClCompile>
    <ClCompile Include="day5\part2\day5_part2_test.cpp">
      <Filter>Source Files</Filter>
    </ClCompile>
    <ClCompile Include="day5\read_input_day5.cpp">
      <Filter>Source Files</Filter>
    </ClCompile>
  </ItemGroup>
  <ItemGroup>
    <ClInclude Include="day1\part1\day1_part1.h">
      <Filter>Header Files</Filter>
    </ClInclude>
    <ClInclude Include="day1\read_input_day1.h">
      <Filter>Header Files</Filter>
    </ClInclude>
    <ClInclude Include="day1\part2\day1_part2.h">
      <Filter>Header Files</Filter>
    </ClInclude>
    <ClInclude Include="day2\part1\day2_part1.h">
      <Filter>Header Files</Filter>
    </ClInclude>
    <ClInclude Include="day2\part2\day2_part2.h">
      <Filter>Header Files</Filter>
    </ClInclude>
    <ClInclude Include="day2\read_input_day2.h">
      <Filter>Header Files</Filter>
    </ClInclude>
    <ClInclude Include="day3\day3_part1.h">
      <Filter>Header Files</Filter>
    </ClInclude>
    <ClInclude Include="day3\part2\day3_part2.h">
      <Filter>Header Files</Filter>
    </ClInclude>
    <ClInclude Include="day3\read_input_day3.h">
      <Filter>Header Files</Filter>
    </ClInclude>
    <ClInclude Include="day4\part1\day4_part1.h">
      <Filter>Header Files</Filter>
    </ClInclude>
    <ClInclude Include="day4\part2\day4_part2.h">
      <Filter>Header Files</Filter>
    </ClInclude>
    <ClInclude Include="day4\read_input_day4.h">
      <Filter>Header Files</Filter>
    </ClInclude>
    <ClInclude Include="day5\part1\day5_part1.h">
      <Filter>Header Files</Filter>
    </ClInclude>
    <ClInclude Include="day5\part2\day5_part2.h">
      <Filter>Header Files</Filter>
    </ClInclude>
    <ClInclude Include="day5\read_input_day5.h">
      <Filter>Header Files</Filter>
    </ClInclude>
  </ItemGroup>
  <ItemGroup>
    <Text Include="day1\input_day1.txt" />
    <Text Include="day2\input_day2.txt" />
    <Text Include="day3\input_day3.txt" />
    <Text Include="day4\input_day4.txt" />
    <Text Include="day5\input_day5_1.txt" />
    <Text Include="day5\input_day5_2.txt" />
  </ItemGroup>
</Project>